
Microsoft Visual Studio Solution File, Format Version 12.00
# Visual Studio Version 16
VisualStudioVersion = 16.0.29424.173
MinimumVisualStudioVersion = 10.0.40219.1
Project("{FAE04EC0-301F-11D3-BF4B-00C04F79EFBC}") = "BabySwim", "BabySwim\BabySwim.csproj", "{9DB14AD9-DD26-48A5-978A-4CB8D8DEFD31}"
EndProject
Project("{FAE04EC0-301F-11D3-BF4B-00C04F79EFBC}") = "XF.BaseFunction", "XF.BaseFunction\XF.BaseFunction.csproj", "{52BC1CB5-BCD8-4D55-B8E4-6C3CE6B87B59}"
EndProject
Project("{FAE04EC0-301F-11D3-BF4B-00C04F79EFBC}") = "XF.BLL", "XF.BLL\XF.BLL.csproj", "{A883B149-D132-4A0E-BA23-1BCF8AAE61D8}"
EndProject
Project("{FAE04EC0-301F-11D3-BF4B-00C04F79EFBC}") = "XF.Common", "XF.Common\XF.Common.csproj", "{80F2CC40-0C44-49CB-8484-5BF047E66C2A}"
EndProject
Project("{FAE04EC0-301F-11D3-BF4B-00C04F79EFBC}") = "XF.DALFactory", "XF.DALFactory\XF.DALFactory.csproj", "{54D25412-D0E0-4089-91E2-B6061B0EB9C6}"
EndProject
Project("{FAE04EC0-301F-11D3-BF4B-00C04F79EFBC}") = "XF.DBUtility", "XF.DBUtility\XF.DBUtility.csproj", "{DA0106FE-A1EE-4C5E-8AC6-81A0472429CD}"
EndProject
Project("{FAE04EC0-301F-11D3-BF4B-00C04F79EFBC}") = "XF.ExControls", "XF.ExControls\XF.ExControls.csproj", "{32CFAF30-C43A-4FDA-BDE1-77BFF78F3881}"
EndProject
Project("{FAE04EC0-301F-11D3-BF4B-00C04F79EFBC}") = "XF.IDAL", "XF.IDAL\XF.IDAL.csproj", "{102E3C0A-B7DE-4ED8-9541-A7F6B558C854}"
EndProject
Project("{FAE04EC0-301F-11D3-BF4B-00C04F79EFBC}") = "XFramework", "XFramework\XFramework.csproj", "{3E30603C-1498-43A2-A8FE-14EAD76DBBB7}"
EndProject
Project("{FAE04EC0-301F-11D3-BF4B-00C04F79EFBC}") = "XF.Model", "XF.Model\XF.Model.csproj", "{E274FF69-C3F4-4C2A-9CF5-C2938C3D4B41}"
EndProject
Project("{FAE04EC0-301F-11D3-BF4B-00C04F79EFBC}") = "XF.SQLServerDAL", "XF.SQLserverDAL\XF.SQLServerDAL.csproj", "{A9A4351C-ADB2-4D79-A35B-11971CE94531}"
EndProject
Project("{FAE04EC0-301F-11D3-BF4B-00C04F79EFBC}") = "XF.Lib", "XF.Lib\XF.Lib.csproj", "{E4471A1F-E6D5-4C2D-8F94-F4C14B7643B6}"
EndProject
Project("{FAE04EC0-301F-11D3-BF4B-00C04F79EFBC}") = "Enums", "Enums\Enums.csproj", "{B3E6083D-1A80-4838-B8A1-1D90FFE94191}"
EndProject
Project("{FAE04EC0-301F-11D3-BF4B-00C04F79EFBC}") = "AutoUpdater", "AutoUpdater\AutoUpdater.csproj", "{5F320D65-5B96-4D12-88BD-FEAD99BC2B8B}"
EndProject
Project("{FAE04EC0-301F-11D3-BF4B-00C04F79EFBC}") = "OAUS.Core", "OAUS.Core\OAUS.Core.csproj", "{44B0583B-F58E-4EC2-9255-454546222C66}"
EndProject
Project("{FAE04EC0-301F-11D3-BF4B-00C04F79EFBC}") = "OAUS.Server", "OAUS.Server\OAUS.Server.csproj", "{7EB9FF34-A3E9-43B8-8EBC-1F44BB910BE6}"
EndProject
Project("{FAE04EC0-301F-11D3-BF4B-00C04F79EFBC}") = "WeChat", "WeChat\WeChat.csproj", "{3B05AE5E-9B0A-4E6B-952A-A993F9B615FE}"
EndProject
Project("{2150E333-8FDC-42A3-9474-1A3956D46DE8}") = "WinForm", "WinForm", "{9A324524-EA1E-4871-866F-774C7D07C96B}"
EndProject
Project("{2150E333-8FDC-42A3-9474-1A3956D46DE8}") = "Update", "Update", "{8D152DDA-CE81-44B9-A0CB-FE11EBF10297}"
EndProject
Project("{2150E333-8FDC-42A3-9474-1A3956D46DE8}") = "Web", "Web", "{EF4174BF-BEC3-43BF-8017-757FBFFD216C}"
EndProject
Project("{2150E333-8FDC-42A3-9474-1A3956D46DE8}") = "App", "App", "{CBA739CE-FBAF-42E9-85C0-A3F6D71D2A99}"
EndProject
Global
	GlobalSection(SolutionConfigurationPlatforms) = preSolution
		Debug|Any CPU = Debug|Any CPU
		Debug|Mixed Platforms = Debug|Mixed Platforms
		Debug|x64 = Debug|x64
		Debug|x86 = Debug|x86
		Release|Any CPU = Release|Any CPU
		Release|Mixed Platforms = Release|Mixed Platforms
		Release|x64 = Release|x64
		Release|x86 = Release|x86
	EndGlobalSection
	GlobalSection(ProjectConfigurationPlatforms) = postSolution
		{9DB14AD9-DD26-48A5-978A-4CB8D8DEFD31}.Debug|Any CPU.ActiveCfg = Debug|x86
		{9DB14AD9-DD26-48A5-978A-4CB8D8DEFD31}.Debug|Mixed Platforms.ActiveCfg = Debug|x86
		{9DB14AD9-DD26-48A5-978A-4CB8D8DEFD31}.Debug|Mixed Platforms.Build.0 = Debug|x86
		{9DB14AD9-DD26-48A5-978A-4CB8D8DEFD31}.Debug|x64.ActiveCfg = Debug|x86
		{9DB14AD9-DD26-48A5-978A-4CB8D8DEFD31}.Debug|x86.ActiveCfg = Debug|x86
		{9DB14AD9-DD26-48A5-978A-4CB8D8DEFD31}.Debug|x86.Build.0 = Debug|x86
		{9DB14AD9-DD26-48A5-978A-4CB8D8DEFD31}.Release|Any CPU.ActiveCfg = Release|x86
		{9DB14AD9-DD26-48A5-978A-4CB8D8DEFD31}.Release|Mixed Platforms.ActiveCfg = Release|x86
		{9DB14AD9-DD26-48A5-978A-4CB8D8DEFD31}.Release|Mixed Platforms.Build.0 = Release|x86
		{9DB14AD9-DD26-48A5-978A-4CB8D8DEFD31}.Release|x64.ActiveCfg = Release|x86
		{9DB14AD9-DD26-48A5-978A-4CB8D8DEFD31}.Release|x86.ActiveCfg = Release|x86
		{9DB14AD9-DD26-48A5-978A-4CB8D8DEFD31}.Release|x86.Build.0 = Release|x86
		{52BC1CB5-BCD8-4D55-B8E4-6C3CE6B87B59}.Debug|Any CPU.ActiveCfg = Debug|Any CPU
		{52BC1CB5-BCD8-4D55-B8E4-6C3CE6B87B59}.Debug|Any CPU.Build.0 = Debug|Any CPU
		{52BC1CB5-BCD8-4D55-B8E4-6C3CE6B87B59}.Debug|Mixed Platforms.ActiveCfg = Debug|Any CPU
		{52BC1CB5-BCD8-4D55-B8E4-6C3CE6B87B59}.Debug|Mixed Platforms.Build.0 = Debug|Any CPU
		{52BC1CB5-BCD8-4D55-B8E4-6C3CE6B87B59}.Debug|x64.ActiveCfg = Debug|Any CPU
		{52BC1CB5-BCD8-4D55-B8E4-6C3CE6B87B59}.Debug|x64.Build.0 = Debug|Any CPU
		{52BC1CB5-BCD8-4D55-B8E4-6C3CE6B87B59}.Debug|x86.ActiveCfg = Debug|Any CPU
		{52BC1CB5-BCD8-4D55-B8E4-6C3CE6B87B59}.Release|Any CPU.ActiveCfg = Release|Any CPU
		{52BC1CB5-BCD8-4D55-B8E4-6C3CE6B87B59}.Release|Any CPU.Build.0 = Release|Any CPU
		{52BC1CB5-BCD8-4D55-B8E4-6C3CE6B87B59}.Release|Mixed Platforms.ActiveCfg = Release|Any CPU
		{52BC1CB5-BCD8-4D55-B8E4-6C3CE6B87B59}.Release|Mixed Platforms.Build.0 = Release|Any CPU
		{52BC1CB5-BCD8-4D55-B8E4-6C3CE6B87B59}.Release|x64.ActiveCfg = Release|Any CPU
		{52BC1CB5-BCD8-4D55-B8E4-6C3CE6B87B59}.Release|x64.Build.0 = Release|Any CPU
		{52BC1CB5-BCD8-4D55-B8E4-6C3CE6B87B59}.Release|x86.ActiveCfg = Release|Any CPU
		{A883B149-D132-4A0E-BA23-1BCF8AAE61D8}.Debug|Any CPU.ActiveCfg = Debug|Any CPU
		{A883B149-D132-4A0E-BA23-1BCF8AAE61D8}.Debug|Any CPU.Build.0 = Debug|Any CPU
		{A883B149-D132-4A0E-BA23-1BCF8AAE61D8}.Debug|Mixed Platforms.ActiveCfg = Debug|Any CPU
		{A883B149-D132-4A0E-BA23-1BCF8AAE61D8}.Debug|Mixed Platforms.Build.0 = Debug|Any CPU
		{A883B149-D132-4A0E-BA23-1BCF8AAE61D8}.Debug|x64.ActiveCfg = Debug|Any CPU
		{A883B149-D132-4A0E-BA23-1BCF8AAE61D8}.Debug|x64.Build.0 = Debug|Any CPU
		{A883B149-D132-4A0E-BA23-1BCF8AAE61D8}.Debug|x86.ActiveCfg = Debug|Any CPU
		{A883B149-D132-4A0E-BA23-1BCF8AAE61D8}.Release|Any CPU.ActiveCfg = Release|Any CPU
		{A883B149-D132-4A0E-BA23-1BCF8AAE61D8}.Release|Any CPU.Build.0 = Release|Any CPU
		{A883B149-D132-4A0E-BA23-1BCF8AAE61D8}.Release|Mixed Platforms.ActiveCfg = Release|Any CPU
		{A883B149-D132-4A0E-BA23-1BCF8AAE61D8}.Release|Mixed Platforms.Build.0 = Release|Any CPU
		{A883B149-D132-4A0E-BA23-1BCF8AAE61D8}.Release|x64.ActiveCfg = Release|Any CPU
		{A883B149-D132-4A0E-BA23-1BCF8AAE61D8}.Release|x64.Build.0 = Release|Any CPU
		{A883B149-D132-4A0E-BA23-1BCF8AAE61D8}.Release|x86.ActiveCfg = Release|Any CPU
		{80F2CC40-0C44-49CB-8484-5BF047E66C2A}.Debug|Any CPU.ActiveCfg = Debug|Any CPU
		{80F2CC40-0C44-49CB-8484-5BF047E66C2A}.Debug|Any CPU.Build.0 = Debug|Any CPU
		{80F2CC40-0C44-49CB-8484-5BF047E66C2A}.Debug|Mixed Platforms.ActiveCfg = Debug|Any CPU
		{80F2CC40-0C44-49CB-8484-5BF047E66C2A}.Debug|Mixed Platforms.Build.0 = Debug|Any CPU
		{80F2CC40-0C44-49CB-8484-5BF047E66C2A}.Debug|x64.ActiveCfg = Debug|Any CPU
		{80F2CC40-0C44-49CB-8484-5BF047E66C2A}.Debug|x64.Build.0 = Debug|Any CPU
		{80F2CC40-0C44-49CB-8484-5BF047E66C2A}.Debug|x86.ActiveCfg = Debug|Any CPU
		{80F2CC40-0C44-49CB-8484-5BF047E66C2A}.Release|Any CPU.ActiveCfg = Release|Any CPU
		{80F2CC40-0C44-49CB-8484-5BF047E66C2A}.Release|Any CPU.Build.0 = Release|Any CPU
		{80F2CC40-0C44-49CB-8484-5BF047E66C2A}.Release|Mixed Platforms.ActiveCfg = Release|Any CPU
		{80F2CC40-0C44-49CB-8484-5BF047E66C2A}.Release|Mixed Platforms.Build.0 = Release|Any CPU
		{80F2CC40-0C44-49CB-8484-5BF047E66C2A}.Release|x64.ActiveCfg = Release|Any CPU
		{80F2CC40-0C44-49CB-8484-5BF047E66C2A}.Release|x64.Build.0 = Release|Any CPU
		{80F2CC40-0C44-49CB-8484-5BF047E66C2A}.Release|x86.ActiveCfg = Release|Any CPU
		{54D25412-D0E0-4089-91E2-B6061B0EB9C6}.Debug|Any CPU.ActiveCfg = Debug|Any CPU
		{54D25412-D0E0-4089-91E2-B6061B0EB9C6}.Debug|Any CPU.Build.0 = Debug|Any CPU
		{54D25412-D0E0-4089-91E2-B6061B0EB9C6}.Debug|Mixed Platforms.ActiveCfg = Debug|Any CPU
		{54D25412-D0E0-4089-91E2-B6061B0EB9C6}.Debug|Mixed Platforms.Build.0 = Debug|Any CPU
		{54D25412-D0E0-4089-91E2-B6061B0EB9C6}.Debug|x64.ActiveCfg = Debug|Any CPU
		{54D25412-D0E0-4089-91E2-B6061B0EB9C6}.Debug|x64.Build.0 = Debug|Any CPU
		{54D25412-D0E0-4089-91E2-B6061B0EB9C6}.Debug|x86.ActiveCfg = Debug|Any CPU
		{54D25412-D0E0-4089-91E2-B6061B0EB9C6}.Release|Any CPU.ActiveCfg = Release|Any CPU
		{54D25412-D0E0-4089-91E2-B6061B0EB9C6}.Release|Any CPU.Build.0 = Release|Any CPU
		{54D25412-D0E0-4089-91E2-B6061B0EB9C6}.Release|Mixed Platforms.ActiveCfg = Release|Any CPU
		{54D25412-D0E0-4089-91E2-B6061B0EB9C6}.Release|Mixed Platforms.Build.0 = Release|Any CPU
		{54D25412-D0E0-4089-91E2-B6061B0EB9C6}.Release|x64.ActiveCfg = Release|Any CPU
		{54D25412-D0E0-4089-91E2-B6061B0EB9C6}.Release|x64.Build.0 = Release|Any CPU
		{54D25412-D0E0-4089-91E2-B6061B0EB9C6}.Release|x86.ActiveCfg = Release|Any CPU
		{DA0106FE-A1EE-4C5E-8AC6-81A0472429CD}.Debug|Any CPU.ActiveCfg = Debug|Any CPU
		{DA0106FE-A1EE-4C5E-8AC6-81A0472429CD}.Debug|Any CPU.Build.0 = Debug|Any CPU
		{DA0106FE-A1EE-4C5E-8AC6-81A0472429CD}.Debug|Mixed Platforms.ActiveCfg = Debug|Any CPU
		{DA0106FE-A1EE-4C5E-8AC6-81A0472429CD}.Debug|Mixed Platforms.Build.0 = Debug|Any CPU
		{DA0106FE-A1EE-4C5E-8AC6-81A0472429CD}.Debug|x64.ActiveCfg = Debug|Any CPU
		{DA0106FE-A1EE-4C5E-8AC6-81A0472429CD}.Debug|x64.Build.0 = Debug|Any CPU
		{DA0106FE-A1EE-4C5E-8AC6-81A0472429CD}.Debug|x86.ActiveCfg = Debug|Any CPU
		{DA0106FE-A1EE-4C5E-8AC6-81A0472429CD}.Release|Any CPU.ActiveCfg = Release|Any CPU
		{DA0106FE-A1EE-4C5E-8AC6-81A0472429CD}.Release|Any CPU.Build.0 = Release|Any CPU
		{DA0106FE-A1EE-4C5E-8AC6-81A0472429CD}.Release|Mixed Platforms.ActiveCfg = Release|Any CPU
		{DA0106FE-A1EE-4C5E-8AC6-81A0472429CD}.Release|Mixed Platforms.Build.0 = Release|Any CPU
		{DA0106FE-A1EE-4C5E-8AC6-81A0472429CD}.Release|x64.ActiveCfg = Release|Any CPU
		{DA0106FE-A1EE-4C5E-8AC6-81A0472429CD}.Release|x64.Build.0 = Release|Any CPU
		{DA0106FE-A1EE-4C5E-8AC6-81A0472429CD}.Release|x86.ActiveCfg = Release|Any CPU
		{32CFAF30-C43A-4FDA-BDE1-77BFF78F3881}.Debug|Any CPU.ActiveCfg = Debug|Any CPU
		{32CFAF30-C43A-4FDA-BDE1-77BFF78F3881}.Debug|Any CPU.Build.0 = Debug|Any CPU
		{32CFAF30-C43A-4FDA-BDE1-77BFF78F3881}.Debug|Mixed Platforms.ActiveCfg = Debug|Any CPU
		{32CFAF30-C43A-4FDA-BDE1-77BFF78F3881}.Debug|Mixed Platforms.Build.0 = Debug|Any CPU
		{32CFAF30-C43A-4FDA-BDE1-77BFF78F3881}.Debug|x64.ActiveCfg = Debug|Any CPU
		{32CFAF30-C43A-4FDA-BDE1-77BFF78F3881}.Debug|x64.Build.0 = Debug|Any CPU
		{32CFAF30-C43A-4FDA-BDE1-77BFF78F3881}.Debug|x86.ActiveCfg = Debug|Any CPU
		{32CFAF30-C43A-4FDA-BDE1-77BFF78F3881}.Release|Any CPU.ActiveCfg = Release|Any CPU
		{32CFAF30-C43A-4FDA-BDE1-77BFF78F3881}.Release|Any CPU.Build.0 = Release|Any CPU
		{32CFAF30-C43A-4FDA-BDE1-77BFF78F3881}.Release|Mixed Platforms.ActiveCfg = Release|Any CPU
		{32CFAF30-C43A-4FDA-BDE1-77BFF78F3881}.Release|Mixed Platforms.Build.0 = Release|Any CPU
		{32CFAF30-C43A-4FDA-BDE1-77BFF78F3881}.Release|x64.ActiveCfg = Release|Any CPU
		{32CFAF30-C43A-4FDA-BDE1-77BFF78F3881}.Release|x64.Build.0 = Release|Any CPU
		{32CFAF30-C43A-4FDA-BDE1-77BFF78F3881}.Release|x86.ActiveCfg = Release|Any CPU
		{102E3C0A-B7DE-4ED8-9541-A7F6B558C854}.Debug|Any CPU.ActiveCfg = Debug|Any CPU
		{102E3C0A-B7DE-4ED8-9541-A7F6B558C854}.Debug|Any CPU.Build.0 = Debug|Any CPU
		{102E3C0A-B7DE-4ED8-9541-A7F6B558C854}.Debug|Mixed Platforms.ActiveCfg = Debug|Any CPU
		{102E3C0A-B7DE-4ED8-9541-A7F6B558C854}.Debug|Mixed Platforms.Build.0 = Debug|Any CPU
		{102E3C0A-B7DE-4ED8-9541-A7F6B558C854}.Debug|x64.ActiveCfg = Debug|Any CPU
		{102E3C0A-B7DE-4ED8-9541-A7F6B558C854}.Debug|x64.Build.0 = Debug|Any CPU
		{102E3C0A-B7DE-4ED8-9541-A7F6B558C854}.Debug|x86.ActiveCfg = Debug|Any CPU
		{102E3C0A-B7DE-4ED8-9541-A7F6B558C854}.Release|Any CPU.ActiveCfg = Release|Any CPU
		{102E3C0A-B7DE-4ED8-9541-A7F6B558C854}.Release|Any CPU.Build.0 = Release|Any CPU
		{102E3C0A-B7DE-4ED8-9541-A7F6B558C854}.Release|Mixed Platforms.ActiveCfg = Release|Any CPU
		{102E3C0A-B7DE-4ED8-9541-A7F6B558C854}.Release|Mixed Platforms.Build.0 = Release|Any CPU
		{102E3C0A-B7DE-4ED8-9541-A7F6B558C854}.Release|x64.ActiveCfg = Release|Any CPU
		{102E3C0A-B7DE-4ED8-9541-A7F6B558C854}.Release|x64.Build.0 = Release|Any CPU
		{102E3C0A-B7DE-4ED8-9541-A7F6B558C854}.Release|x86.ActiveCfg = Release|Any CPU
		{3E30603C-1498-43A2-A8FE-14EAD76DBBB7}.Debug|Any CPU.ActiveCfg = Debug|x86
		{3E30603C-1498-43A2-A8FE-14EAD76DBBB7}.Debug|Mixed Platforms.ActiveCfg = Debug|x86
		{3E30603C-1498-43A2-A8FE-14EAD76DBBB7}.Debug|Mixed Platforms.Build.0 = Debug|x86
		{3E30603C-1498-43A2-A8FE-14EAD76DBBB7}.Debug|x64.ActiveCfg = Debug|x86
		{3E30603C-1498-43A2-A8FE-14EAD76DBBB7}.Debug|x86.ActiveCfg = Debug|x86
		{3E30603C-1498-43A2-A8FE-14EAD76DBBB7}.Debug|x86.Build.0 = Debug|x86
		{3E30603C-1498-43A2-A8FE-14EAD76DBBB7}.Release|Any CPU.ActiveCfg = Release|x86
		{3E30603C-1498-43A2-A8FE-14EAD76DBBB7}.Release|Mixed Platforms.ActiveCfg = Release|x86
		{3E30603C-1498-43A2-A8FE-14EAD76DBBB7}.Release|Mixed Platforms.Build.0 = Release|x86
		{3E30603C-1498-43A2-A8FE-14EAD76DBBB7}.Release|x64.ActiveCfg = Release|x86
		{3E30603C-1498-43A2-A8FE-14EAD76DBBB7}.Release|x86.ActiveCfg = Release|x86
		{3E30603C-1498-43A2-A8FE-14EAD76DBBB7}.Release|x86.Build.0 = Release|x86
		{E274FF69-C3F4-4C2A-9CF5-C2938C3D4B41}.Debug|Any CPU.ActiveCfg = Debug|Any CPU
		{E274FF69-C3F4-4C2A-9CF5-C2938C3D4B41}.Debug|Any CPU.Build.0 = Debug|Any CPU
		{E274FF69-C3F4-4C2A-9CF5-C2938C3D4B41}.Debug|Mixed Platforms.ActiveCfg = Debug|Any CPU
		{E274FF69-C3F4-4C2A-9CF5-C2938C3D4B41}.Debug|Mixed Platforms.Build.0 = Debug|Any CPU
		{E274FF69-C3F4-4C2A-9CF5-C2938C3D4B41}.Debug|x64.ActiveCfg = Debug|Any CPU
		{E274FF69-C3F4-4C2A-9CF5-C2938C3D4B41}.Debug|x64.Build.0 = Debug|Any CPU
		{E274FF69-C3F4-4C2A-9CF5-C2938C3D4B41}.Debug|x86.ActiveCfg = Debug|Any CPU
		{E274FF69-C3F4-4C2A-9CF5-C2938C3D4B41}.Release|Any CPU.ActiveCfg = Release|Any CPU
		{E274FF69-C3F4-4C2A-9CF5-C2938C3D4B41}.Release|Any CPU.Build.0 = Release|Any CPU
		{E274FF69-C3F4-4C2A-9CF5-C2938C3D4B41}.Release|Mixed Platforms.ActiveCfg = Release|Any CPU
		{E274FF69-C3F4-4C2A-9CF5-C2938C3D4B41}.Release|Mixed Platforms.Build.0 = Release|Any CPU
		{E274FF69-C3F4-4C2A-9CF5-C2938C3D4B41}.Release|x64.ActiveCfg = Release|Any CPU
		{E274FF69-C3F4-4C2A-9CF5-C2938C3D4B41}.Release|x64.Build.0 = Release|Any CPU
		{E274FF69-C3F4-4C2A-9CF5-C2938C3D4B41}.Release|x86.ActiveCfg = Release|Any CPU
		{A9A4351C-ADB2-4D79-A35B-11971CE94531}.Debug|Any CPU.ActiveCfg = Debug|Any CPU
		{A9A4351C-ADB2-4D79-A35B-11971CE94531}.Debug|Any CPU.Build.0 = Debug|Any CPU
		{A9A4351C-ADB2-4D79-A35B-11971CE94531}.Debug|Mixed Platforms.ActiveCfg = Debug|Any CPU
		{A9A4351C-ADB2-4D79-A35B-11971CE94531}.Debug|Mixed Platforms.Build.0 = Debug|Any CPU
		{A9A4351C-ADB2-4D79-A35B-11971CE94531}.Debug|x64.ActiveCfg = Debug|Any CPU
		{A9A4351C-ADB2-4D79-A35B-11971CE94531}.Debug|x64.Build.0 = Debug|Any CPU
		{A9A4351C-ADB2-4D79-A35B-11971CE94531}.Debug|x86.ActiveCfg = Debug|Any CPU
		{A9A4351C-ADB2-4D79-A35B-11971CE94531}.Release|Any CPU.ActiveCfg = Release|Any CPU
		{A9A4351C-ADB2-4D79-A35B-11971CE94531}.Release|Any CPU.Build.0 = Release|Any CPU
		{A9A4351C-ADB2-4D79-A35B-11971CE94531}.Release|Mixed Platforms.ActiveCfg = Release|Any CPU
		{A9A4351C-ADB2-4D79-A35B-11971CE94531}.Release|Mixed Platforms.Build.0 = Release|Any CPU
		{A9A4351C-ADB2-4D79-A35B-11971CE94531}.Release|x64.ActiveCfg = Release|Any CPU
		{A9A4351C-ADB2-4D79-A35B-11971CE94531}.Release|x64.Build.0 = Release|Any CPU
		{A9A4351C-ADB2-4D79-A35B-11971CE94531}.Release|x86.ActiveCfg = Release|Any CPU
		{E4471A1F-E6D5-4C2D-8F94-F4C14B7643B6}.Debug|Any CPU.ActiveCfg = Debug|Any CPU
		{E4471A1F-E6D5-4C2D-8F94-F4C14B7643B6}.Debug|Any CPU.Build.0 = Debug|Any CPU
		{E4471A1F-E6D5-4C2D-8F94-F4C14B7643B6}.Debug|Mixed Platforms.ActiveCfg = Debug|Any CPU
		{E4471A1F-E6D5-4C2D-8F94-F4C14B7643B6}.Debug|Mixed Platforms.Build.0 = Debug|Any CPU
		{E4471A1F-E6D5-4C2D-8F94-F4C14B7643B6}.Debug|x64.ActiveCfg = Debug|Any CPU
		{E4471A1F-E6D5-4C2D-8F94-F4C14B7643B6}.Debug|x64.Build.0 = Debug|Any CPU
		{E4471A1F-E6D5-4C2D-8F94-F4C14B7643B6}.Debug|x86.ActiveCfg = Debug|Any CPU
		{E4471A1F-E6D5-4C2D-8F94-F4C14B7643B6}.Release|Any CPU.ActiveCfg = Release|Any CPU
		{E4471A1F-E6D5-4C2D-8F94-F4C14B7643B6}.Release|Any CPU.Build.0 = Release|Any CPU
		{E4471A1F-E6D5-4C2D-8F94-F4C14B7643B6}.Release|Mixed Platforms.ActiveCfg = Release|Any CPU
		{E4471A1F-E6D5-4C2D-8F94-F4C14B7643B6}.Release|Mixed Platforms.Build.0 = Release|Any CPU
		{E4471A1F-E6D5-4C2D-8F94-F4C14B7643B6}.Release|x64.ActiveCfg = Release|Any CPU
		{E4471A1F-E6D5-4C2D-8F94-F4C14B7643B6}.Release|x64.Build.0 = Release|Any CPU
		{E4471A1F-E6D5-4C2D-8F94-F4C14B7643B6}.Release|x86.ActiveCfg = Release|Any CPU
		{B3E6083D-1A80-4838-B8A1-1D90FFE94191}.Debug|Any CPU.ActiveCfg = Debug|Any CPU
		{B3E6083D-1A80-4838-B8A1-1D90FFE94191}.Debug|Any CPU.Build.0 = Debug|Any CPU
		{B3E6083D-1A80-4838-B8A1-1D90FFE94191}.Debug|Mixed Platforms.ActiveCfg = Debug|Any CPU
		{B3E6083D-1A80-4838-B8A1-1D90FFE94191}.Debug|Mixed Platforms.Build.0 = Debug|Any CPU
		{B3E6083D-1A80-4838-B8A1-1D90FFE94191}.Debug|x64.ActiveCfg = Debug|Any CPU
		{B3E6083D-1A80-4838-B8A1-1D90FFE94191}.Debug|x64.Build.0 = Debug|Any CPU
		{B3E6083D-1A80-4838-B8A1-1D90FFE94191}.Debug|x86.ActiveCfg = Debug|Any CPU
		{B3E6083D-1A80-4838-B8A1-1D90FFE94191}.Release|Any CPU.ActiveCfg = Release|Any CPU
		{B3E6083D-1A80-4838-B8A1-1D90FFE94191}.Release|Any CPU.Build.0 = Release|Any CPU
		{B3E6083D-1A80-4838-B8A1-1D90FFE94191}.Release|Mixed Platforms.ActiveCfg = Release|Any CPU
		{B3E6083D-1A80-4838-B8A1-1D90FFE94191}.Release|Mixed Platforms.Build.0 = Release|Any CPU
		{B3E6083D-1A80-4838-B8A1-1D90FFE94191}.Release|x64.ActiveCfg = Release|Any CPU
		{B3E6083D-1A80-4838-B8A1-1D90FFE94191}.Release|x64.Build.0 = Release|Any CPU
		{B3E6083D-1A80-4838-B8A1-1D90FFE94191}.Release|x86.ActiveCfg = Release|Any CPU
		{5F320D65-5B96-4D12-88BD-FEAD99BC2B8B}.Debug|Any CPU.ActiveCfg = Debug|x86
		{5F320D65-5B96-4D12-88BD-FEAD99BC2B8B}.Debug|Mixed Platforms.ActiveCfg = Debug|x86
		{5F320D65-5B96-4D12-88BD-FEAD99BC2B8B}.Debug|Mixed Platforms.Build.0 = Debug|x86
		{5F320D65-5B96-4D12-88BD-FEAD99BC2B8B}.Debug|x64.ActiveCfg = Debug|x86
		{5F320D65-5B96-4D12-88BD-FEAD99BC2B8B}.Debug|x86.ActiveCfg = Debug|x86
		{5F320D65-5B96-4D12-88BD-FEAD99BC2B8B}.Debug|x86.Build.0 = Debug|x86
		{5F320D65-5B96-4D12-88BD-FEAD99BC2B8B}.Release|Any CPU.ActiveCfg = Release|x86
		{5F320D65-5B96-4D12-88BD-FEAD99BC2B8B}.Release|Mixed Platforms.ActiveCfg = Release|x86
		{5F320D65-5B96-4D12-88BD-FEAD99BC2B8B}.Release|Mixed Platforms.Build.0 = Release|x86
		{5F320D65-5B96-4D12-88BD-FEAD99BC2B8B}.Release|x64.ActiveCfg = Release|x86
		{5F320D65-5B96-4D12-88BD-FEAD99BC2B8B}.Release|x86.ActiveCfg = Release|x86
		{5F320D65-5B96-4D12-88BD-FEAD99BC2B8B}.Release|x86.Build.0 = Release|x86
		{44B0583B-F58E-4EC2-9255-454546222C66}.Debug|Any CPU.ActiveCfg = Debug|Any CPU
		{44B0583B-F58E-4EC2-9255-454546222C66}.Debug|Any CPU.Build.0 = Debug|Any CPU
		{44B0583B-F58E-4EC2-9255-454546222C66}.Debug|Mixed Platforms.ActiveCfg = Debug|Any CPU
		{44B0583B-F58E-4EC2-9255-454546222C66}.Debug|Mixed Platforms.Build.0 = Debug|Any CPU
		{44B0583B-F58E-4EC2-9255-454546222C66}.Debug|x64.ActiveCfg = Debug|Any CPU
		{44B0583B-F58E-4EC2-9255-454546222C66}.Debug|x64.Build.0 = Debug|Any CPU
		{44B0583B-F58E-4EC2-9255-454546222C66}.Debug|x86.ActiveCfg = Debug|Any CPU
		{44B0583B-F58E-4EC2-9255-454546222C66}.Debug|x86.Build.0 = Debug|Any CPU
		{44B0583B-F58E-4EC2-9255-454546222C66}.Release|Any CPU.ActiveCfg = Release|Any CPU
		{44B0583B-F58E-4EC2-9255-454546222C66}.Release|Any CPU.Build.0 = Release|Any CPU
		{44B0583B-F58E-4EC2-9255-454546222C66}.Release|Mixed Platforms.ActiveCfg = Release|Any CPU
		{44B0583B-F58E-4EC2-9255-454546222C66}.Release|Mixed Platforms.Build.0 = Release|Any CPU
		{44B0583B-F58E-4EC2-9255-454546222C66}.Release|x64.ActiveCfg = Release|Any CPU
		{44B0583B-F58E-4EC2-9255-454546222C66}.Release|x64.Build.0 = Release|Any CPU
		{44B0583B-F58E-4EC2-9255-454546222C66}.Release|x86.ActiveCfg = Release|Any CPU
		{44B0583B-F58E-4EC2-9255-454546222C66}.Release|x86.Build.0 = Release|Any CPU
		{7EB9FF34-A3E9-43B8-8EBC-1F44BB910BE6}.Debug|Any CPU.ActiveCfg = Debug|Any CPU
		{7EB9FF34-A3E9-43B8-8EBC-1F44BB910BE6}.Debug|Any CPU.Build.0 = Debug|Any CPU
		{7EB9FF34-A3E9-43B8-8EBC-1F44BB910BE6}.Debug|Mixed Platforms.ActiveCfg = Debug|x86
		{7EB9FF34-A3E9-43B8-8EBC-1F44BB910BE6}.Debug|Mixed Platforms.Build.0 = Debug|x86
		{7EB9FF34-A3E9-43B8-8EBC-1F44BB910BE6}.Debug|x64.ActiveCfg = Debug|x64
		{7EB9FF34-A3E9-43B8-8EBC-1F44BB910BE6}.Debug|x64.Build.0 = Debug|x64
		{7EB9FF34-A3E9-43B8-8EBC-1F44BB910BE6}.Debug|x86.ActiveCfg = Debug|x86
		{7EB9FF34-A3E9-43B8-8EBC-1F44BB910BE6}.Debug|x86.Build.0 = Debug|x86
		{7EB9FF34-A3E9-43B8-8EBC-1F44BB910BE6}.Release|Any CPU.ActiveCfg = Release|Any CPU
		{7EB9FF34-A3E9-43B8-8EBC-1F44BB910BE6}.Release|Any CPU.Build.0 = Release|Any CPU
		{7EB9FF34-A3E9-43B8-8EBC-1F44BB910BE6}.Release|Mixed Platforms.ActiveCfg = Release|x86
		{7EB9FF34-A3E9-43B8-8EBC-1F44BB910BE6}.Release|Mixed Platforms.Build.0 = Release|x86
		{7EB9FF34-A3E9-43B8-8EBC-1F44BB910BE6}.Release|x64.ActiveCfg = Release|x64
		{7EB9FF34-A3E9-43B8-8EBC-1F44BB910BE6}.Release|x64.Build.0 = Release|x64
		{7EB9FF34-A3E9-43B8-8EBC-1F44BB910BE6}.Release|x86.ActiveCfg = Release|x86
		{7EB9FF34-A3E9-43B8-8EBC-1F44BB910BE6}.Release|x86.Build.0 = Release|x86
		{3B05AE5E-9B0A-4E6B-952A-A993F9B615FE}.Debug|Any CPU.ActiveCfg = Debug|Any CPU
		{3B05AE5E-9B0A-4E6B-952A-A993F9B615FE}.Debug|Any CPU.Build.0 = Debug|Any CPU
		{3B05AE5E-9B0A-4E6B-952A-A993F9B615FE}.Debug|Mixed Platforms.ActiveCfg = Debug|Any CPU
		{3B05AE5E-9B0A-4E6B-952A-A993F9B615FE}.Debug|Mixed Platforms.Build.0 = Debug|Any CPU
		{3B05AE5E-9B0A-4E6B-952A-A993F9B615FE}.Debug|x64.ActiveCfg = Debug|Any CPU
		{3B05AE5E-9B0A-4E6B-952A-A993F9B615FE}.Debug|x64.Build.0 = Debug|Any CPU
		{3B05AE5E-9B0A-4E6B-952A-A993F9B615FE}.Debug|x86.ActiveCfg = Debug|Any CPU
		{3B05AE5E-9B0A-4E6B-952A-A993F9B615FE}.Debug|x86.Build.0 = Debug|Any CPU
		{3B05AE5E-9B0A-4E6B-952A-A993F9B615FE}.Release|Any CPU.ActiveCfg = Release|Any CPU
		{3B05AE5E-9B0A-4E6B-952A-A993F9B615FE}.Release|Any CPU.Build.0 = Release|Any CPU
		{3B05AE5E-9B0A-4E6B-952A-A993F9B615FE}.Release|Mixed Platforms.ActiveCfg = Release|Any CPU
		{3B05AE5E-9B0A-4E6B-952A-A993F9B615FE}.Release|Mixed Platforms.Build.0 = Release|Any CPU
		{3B05AE5E-9B0A-4E6B-952A-A993F9B615FE}.Release|x64.ActiveCfg = Release|Any CPU
		{3B05AE5E-9B0A-4E6B-952A-A993F9B615FE}.Release|x64.Build.0 = Release|Any CPU
		{3B05AE5E-9B0A-4E6B-952A-A993F9B615FE}.Release|x86.ActiveCfg = Release|Any CPU
		{3B05AE5E-9B0A-4E6B-952A-A993F9B615FE}.Release|x86.Build.0 = Release|Any CPU
	EndGlobalSection
	GlobalSection(SolutionProperties) = preSolution
		HideSolutionNode = FALSE
	EndGlobalSection
	GlobalSection(NestedProjects) = preSolution
		{9DB14AD9-DD26-48A5-978A-4CB8D8DEFD31} = {CBA739CE-FBAF-42E9-85C0-A3F6D71D2A99}
		{52BC1CB5-BCD8-4D55-B8E4-6C3CE6B87B59} = {CBA739CE-FBAF-42E9-85C0-A3F6D71D2A99}
		{A883B149-D132-4A0E-BA23-1BCF8AAE61D8} = {CBA739CE-FBAF-42E9-85C0-A3F6D71D2A99}
		{80F2CC40-0C44-49CB-8484-5BF047E66C2A} = {CBA739CE-FBAF-42E9-85C0-A3F6D71D2A99}
		{54D25412-D0E0-4089-91E2-B6061B0EB9C6} = {CBA739CE-FBAF-42E9-85C0-A3F6D71D2A99}
		{DA0106FE-A1EE-4C5E-8AC6-81A0472429CD} = {CBA739CE-FBAF-42E9-85C0-A3F6D71D2A99}
		{32CFAF30-C43A-4FDA-BDE1-77BFF78F3881} = {CBA739CE-FBAF-42E9-85C0-A3F6D71D2A99}
		{102E3C0A-B7DE-4ED8-9541-A7F6B558C854} = {CBA739CE-FBAF-42E9-85C0-A3F6D71D2A99}
		{3E30603C-1498-43A2-A8FE-14EAD76DBBB7} = {CBA739CE-FBAF-42E9-85C0-A3F6D71D2A99}
		{E274FF69-C3F4-4C2A-9CF5-C2938C3D4B41} = {CBA739CE-FBAF-42E9-85C0-A3F6D71D2A99}
		{A9A4351C-ADB2-4D79-A35B-11971CE94531} = {CBA739CE-FBAF-42E9-85C0-A3F6D71D2A99}
		{E4471A1F-E6D5-4C2D-8F94-F4C14B7643B6} = {CBA739CE-FBAF-42E9-85C0-A3F6D71D2A99}
		{B3E6083D-1A80-4838-B8A1-1D90FFE94191} = {CBA739CE-FBAF-42E9-85C0-A3F6D71D2A99}
		{5F320D65-5B96-4D12-88BD-FEAD99BC2B8B} = {8D152DDA-CE81-44B9-A0CB-FE11EBF10297}
		{44B0583B-F58E-4EC2-9255-454546222C66} = {8D152DDA-CE81-44B9-A0CB-FE11EBF10297}
		{7EB9FF34-A3E9-43B8-8EBC-1F44BB910BE6} = {8D152DDA-CE81-44B9-A0CB-FE11EBF10297}
		{3B05AE5E-9B0A-4E6B-952A-A993F9B615FE} = {EF4174BF-BEC3-43BF-8017-757FBFFD216C}
		{8D152DDA-CE81-44B9-A0CB-FE11EBF10297} = {9A324524-EA1E-4871-866F-774C7D07C96B}
		{CBA739CE-FBAF-42E9-85C0-A3F6D71D2A99} = {9A324524-EA1E-4871-866F-774C7D07C96B}
	EndGlobalSection
	GlobalSection(ExtensibilityGlobals) = postSolution
		SolutionGuid = {948078DF-81B8-4650-A6F7-236AFF9A2533}
	EndGlobalSection
EndGlobal
